// !$*UTF8*$!
{
	archiveVersion = 1;
	classes = {
	};
	objectVersion = 46;
	objects = {

/* Begin PBXBuildFile section */
		1203843C2C2D472FA85BEB00 /* libPods-SendToInstapaper.a in Frameworks */ = {isa = PBXBuildFile; fileRef = 51129C57BA6240C18D302F00 /* libPods-SendToInstapaper.a */; };
		28C5747D572A4E1C868B256E /* libPods-APICommunicator.a in Frameworks */ = {isa = PBXBuildFile; fileRef = 74EC041867E6410CA724BF36 /* libPods-APICommunicator.a */; };
		97F9623173E74AFFA6885D6B /* libPods-ShareExtension.a in Frameworks */ = {isa = PBXBuildFile; fileRef = 4A4B82885D1749549ED61B9A /* libPods-ShareExtension.a */; };
		DD5971501940DFFB005C4BED /* AppDelegate.swift in Sources */ = {isa = PBXBuildFile; fileRef = DD59714F1940DFFB005C4BED /* AppDelegate.swift */; };
		DD5971521940DFFB005C4BED /* ViewController.swift in Sources */ = {isa = PBXBuildFile; fileRef = DD5971511940DFFB005C4BED /* ViewController.swift */; };
		DD5971551940DFFB005C4BED /* Main.storyboard in Resources */ = {isa = PBXBuildFile; fileRef = DD5971531940DFFB005C4BED /* Main.storyboard */; };
		DD5971571940DFFB005C4BED /* Images.xcassets in Resources */ = {isa = PBXBuildFile; fileRef = DD5971561940DFFB005C4BED /* Images.xcassets */; };
		DD5971631940DFFB005C4BED /* SendToInstapaperTests.swift in Sources */ = {isa = PBXBuildFile; fileRef = DD5971621940DFFB005C4BED /* SendToInstapaperTests.swift */; };
		DD59716D1940E709005C4BED /* LoginViewController.swift in Sources */ = {isa = PBXBuildFile; fileRef = DD59716C1940E709005C4BED /* LoginViewController.swift */; };
		DD635C7D19432EC200283B60 /* MainInterface.storyboard in Resources */ = {isa = PBXBuildFile; fileRef = DD635C7C19432EC200283B60 /* MainInterface.storyboard */; };
		DD635C8019432EC200283B60 /* com.oguzdev.SendToInstapaper.ShareExtension.appex in Embed App Extensions */ = {isa = PBXBuildFile; fileRef = DD635C7619432EC200283B60 /* com.oguzdev.SendToInstapaper.ShareExtension.appex */; };
		DD7F75D0194630B000867DEE /* README.md in Sources */ = {isa = PBXBuildFile; fileRef = DD7F75CF194630B000867DEE /* README.md */; };
		DD7F75D2194631F700867DEE /* LICENCE.md in Sources */ = {isa = PBXBuildFile; fileRef = DD7F75D1194631F700867DEE /* LICENCE.md */; };
		DD8DE8541944FE6600D8BFAC /* MapKit.framework in Frameworks */ = {isa = PBXBuildFile; fileRef = DD8DE8531944FE6600D8BFAC /* MapKit.framework */; };
		DD8DE8551944FE6800D8BFAC /* MapKit.framework in Frameworks */ = {isa = PBXBuildFile; fileRef = DD8DE8531944FE6600D8BFAC /* MapKit.framework */; };
		DD8DE860194515FF00D8BFAC /* APICommunicator.h in Headers */ = {isa = PBXBuildFile; fileRef = DD8DE85F194515FF00D8BFAC /* APICommunicator.h */; settings = {ATTRIBUTES = (Public, ); }; };
		DD8DE8661945160000D8BFAC /* APICommunicator.framework in Frameworks */ = {isa = PBXBuildFile; fileRef = DD8DE85B194515FF00D8BFAC /* APICommunicator.framework */; };
		DD8DE86D1945160000D8BFAC /* APICommunicatorTests.swift in Sources */ = {isa = PBXBuildFile; fileRef = DD8DE86C1945160000D8BFAC /* APICommunicatorTests.swift */; };
		DD8DE8701945160000D8BFAC /* APICommunicator.framework in Frameworks */ = {isa = PBXBuildFile; fileRef = DD8DE85B194515FF00D8BFAC /* APICommunicator.framework */; };
		DD8DE8711945160000D8BFAC /* APICommunicator.framework in Embed Frameworks */ = {isa = PBXBuildFile; fileRef = DD8DE85B194515FF00D8BFAC /* APICommunicator.framework */; settings = {ATTRIBUTES = (CodeSignOnCopy, ); }; };
		DD8DE8851945161900D8BFAC /* APICommunicator.swift in Sources */ = {isa = PBXBuildFile; fileRef = DD8DE8841945161900D8BFAC /* APICommunicator.swift */; };
		DD8DE887194518AC00D8BFAC /* APICommunicator.framework in Frameworks */ = {isa = PBXBuildFile; fileRef = DD8DE85B194515FF00D8BFAC /* APICommunicator.framework */; };
		DDD9977B19432FF70017FF7B /* SendingViewController.swift in Sources */ = {isa = PBXBuildFile; fileRef = DDD9977A19432FF70017FF7B /* SendingViewController.swift */; };
/* End PBXBuildFile section */

/* Begin PBXContainerItemProxy section */
		DD59715D1940DFFB005C4BED /* PBXContainerItemProxy */ = {
			isa = PBXContainerItemProxy;
			containerPortal = DD5971421940DFFA005C4BED /* Project object */;
			proxyType = 1;
			remoteGlobalIDString = DD5971491940DFFA005C4BED;
			remoteInfo = SendToInstapaper;
		};
		DD635C7E19432EC200283B60 /* PBXContainerItemProxy */ = {
			isa = PBXContainerItemProxy;
			containerPortal = DD5971421940DFFA005C4BED /* Project object */;
			proxyType = 1;
			remoteGlobalIDString = DD635C7519432EC200283B60;
			remoteInfo = ShareExtension;
		};
		DD635C8119432EC200283B60 /* PBXContainerItemProxy */ = {
			isa = PBXContainerItemProxy;
			containerPortal = DD5971421940DFFA005C4BED /* Project object */;
			proxyType = 1;
			remoteGlobalIDString = DD635C7519432EC200283B60;
			remoteInfo = ShareExtension;
		};
		DD8DE84F1944F8BD00D8BFAC /* PBXContainerItemProxy */ = {
			isa = PBXContainerItemProxy;
			containerPortal = DD5971421940DFFA005C4BED /* Project object */;
			proxyType = 1;
			remoteGlobalIDString = DD5971491940DFFA005C4BED;
			remoteInfo = SendToInstapaper;
		};
		DD8DE8511944F8BD00D8BFAC /* PBXContainerItemProxy */ = {
			isa = PBXContainerItemProxy;
			containerPortal = DD5971421940DFFA005C4BED /* Project object */;
			proxyType = 1;
			remoteGlobalIDString = DD5971491940DFFA005C4BED;
			remoteInfo = SendToInstapaper;
		};
		DD8DE8671945160000D8BFAC /* PBXContainerItemProxy */ = {
			isa = PBXContainerItemProxy;
			containerPortal = DD5971421940DFFA005C4BED /* Project object */;
			proxyType = 1;
			remoteGlobalIDString = DD8DE85A194515FF00D8BFAC;
			remoteInfo = APICommunicator;
		};
		DD8DE86E1945160000D8BFAC /* PBXContainerItemProxy */ = {
			isa = PBXContainerItemProxy;
			containerPortal = DD5971421940DFFA005C4BED /* Project object */;
			proxyType = 1;
			remoteGlobalIDString = DD8DE85A194515FF00D8BFAC;
			remoteInfo = APICommunicator;
		};
		DD8DE8721945160000D8BFAC /* PBXContainerItemProxy */ = {
			isa = PBXContainerItemProxy;
			containerPortal = DD5971421940DFFA005C4BED /* Project object */;
			proxyType = 1;
			remoteGlobalIDString = DD8DE85A194515FF00D8BFAC;
			remoteInfo = APICommunicator;
		};
		DD8DE87A1945160100D8BFAC /* PBXContainerItemProxy */ = {
			isa = PBXContainerItemProxy;
			containerPortal = DD5971421940DFFA005C4BED /* Project object */;
			proxyType = 1;
			remoteGlobalIDString = DD8DE85A194515FF00D8BFAC;
			remoteInfo = APICommunicator;
		};
		DD8DE87C1945160100D8BFAC /* PBXContainerItemProxy */ = {
			isa = PBXContainerItemProxy;
			containerPortal = DD5971421940DFFA005C4BED /* Project object */;
			proxyType = 1;
			remoteGlobalIDString = DD8DE85A194515FF00D8BFAC;
			remoteInfo = APICommunicator;
		};
		DD8DE87E1945160200D8BFAC /* PBXContainerItemProxy */ = {
			isa = PBXContainerItemProxy;
			containerPortal = DD5971421940DFFA005C4BED /* Project object */;
			proxyType = 1;
			remoteGlobalIDString = DD8DE85A194515FF00D8BFAC;
			remoteInfo = APICommunicator;
		};
		DD8DE8801945160200D8BFAC /* PBXContainerItemProxy */ = {
			isa = PBXContainerItemProxy;
			containerPortal = DD5971421940DFFA005C4BED /* Project object */;
			proxyType = 1;
			remoteGlobalIDString = DD8DE85A194515FF00D8BFAC;
			remoteInfo = APICommunicator;
		};
		DD8DE8821945160400D8BFAC /* PBXContainerItemProxy */ = {
			isa = PBXContainerItemProxy;
			containerPortal = DD5971421940DFFA005C4BED /* Project object */;
			proxyType = 1;
			remoteGlobalIDString = DD8DE85A194515FF00D8BFAC;
			remoteInfo = APICommunicator;
		};
/* End PBXContainerItemProxy section */

/* Begin PBXCopyFilesBuildPhase section */
		DDD997A119435D860017FF7B /* Embed Frameworks */ = {
			isa = PBXCopyFilesBuildPhase;
			buildActionMask = 12;
			dstPath = "";
			dstSubfolderSpec = 10;
			files = (
				DD8DE8711945160000D8BFAC /* APICommunicator.framework in Embed Frameworks */,
			);
			name = "Embed Frameworks";
			runOnlyForDeploymentPostprocessing = 0;
		};
		DDDA421419431CAC007C0117 /* Embed App Extensions */ = {
			isa = PBXCopyFilesBuildPhase;
			buildActionMask = 2147483647;
			dstPath = "";
			dstSubfolderSpec = 13;
			files = (
				DD635C8019432EC200283B60 /* com.oguzdev.SendToInstapaper.ShareExtension.appex in Embed App Extensions */,
			);
			name = "Embed App Extensions";
			runOnlyForDeploymentPostprocessing = 0;
		};
/* End PBXCopyFilesBuildPhase section */

/* Begin PBXFileReference section */
		4A4B82885D1749549ED61B9A /* libPods-ShareExtension.a */ = {isa = PBXFileReference; explicitFileType = archive.ar; includeInIndex = 0; path = "libPods-ShareExtension.a"; sourceTree = BUILT_PRODUCTS_DIR; };
		51129C57BA6240C18D302F00 /* libPods-SendToInstapaper.a */ = {isa = PBXFileReference; explicitFileType = archive.ar; includeInIndex = 0; path = "libPods-SendToInstapaper.a"; sourceTree = BUILT_PRODUCTS_DIR; };
		5E9FC865F5F24373B1238B89 /* Pods-APICommunicator.xcconfig */ = {isa = PBXFileReference; includeInIndex = 1; lastKnownFileType = text.xcconfig; name = "Pods-APICommunicator.xcconfig"; path = "Pods/Pods-APICommunicator.xcconfig"; sourceTree = "<group>"; };
		6D21EEE37474428587F46424 /* Pods-SendToInstapaper.xcconfig */ = {isa = PBXFileReference; includeInIndex = 1; lastKnownFileType = text.xcconfig; name = "Pods-SendToInstapaper.xcconfig"; path = "Pods/Pods-SendToInstapaper.xcconfig"; sourceTree = "<group>"; };
		720C0B14A0E1473BBDAC476A /* Pods-ShareExtension.xcconfig */ = {isa = PBXFileReference; includeInIndex = 1; lastKnownFileType = text.xcconfig; name = "Pods-ShareExtension.xcconfig"; path = "Pods/Pods-ShareExtension.xcconfig"; sourceTree = "<group>"; };
		74EC041867E6410CA724BF36 /* libPods-APICommunicator.a */ = {isa = PBXFileReference; explicitFileType = archive.ar; includeInIndex = 0; path = "libPods-APICommunicator.a"; sourceTree = BUILT_PRODUCTS_DIR; };
		DD59714A1940DFFA005C4BED /* SendToInstapaper.app */ = {isa = PBXFileReference; explicitFileType = wrapper.application; includeInIndex = 0; path = SendToInstapaper.app; sourceTree = BUILT_PRODUCTS_DIR; };
		DD59714E1940DFFB005C4BED /* Info.plist */ = {isa = PBXFileReference; lastKnownFileType = text.plist.xml; path = Info.plist; sourceTree = "<group>"; };
		DD59714F1940DFFB005C4BED /* AppDelegate.swift */ = {isa = PBXFileReference; lastKnownFileType = sourcecode.swift; path = AppDelegate.swift; sourceTree = "<group>"; };
		DD5971511940DFFB005C4BED /* ViewController.swift */ = {isa = PBXFileReference; lastKnownFileType = sourcecode.swift; path = ViewController.swift; sourceTree = "<group>"; };
		DD5971541940DFFB005C4BED /* Base */ = {isa = PBXFileReference; lastKnownFileType = file.storyboard; name = Base; path = Base.lproj/Main.storyboard; sourceTree = "<group>"; };
		DD5971561940DFFB005C4BED /* Images.xcassets */ = {isa = PBXFileReference; lastKnownFileType = folder.assetcatalog; path = Images.xcassets; sourceTree = "<group>"; };
		DD59715C1940DFFB005C4BED /* SendToInstapaperTests.xctest */ = {isa = PBXFileReference; explicitFileType = wrapper.cfbundle; includeInIndex = 0; path = SendToInstapaperTests.xctest; sourceTree = BUILT_PRODUCTS_DIR; };
		DD5971611940DFFB005C4BED /* Info.plist */ = {isa = PBXFileReference; lastKnownFileType = text.plist.xml; path = Info.plist; sourceTree = "<group>"; };
		DD5971621940DFFB005C4BED /* SendToInstapaperTests.swift */ = {isa = PBXFileReference; lastKnownFileType = sourcecode.swift; path = SendToInstapaperTests.swift; sourceTree = "<group>"; };
		DD59716C1940E709005C4BED /* LoginViewController.swift */ = {isa = PBXFileReference; fileEncoding = 4; lastKnownFileType = sourcecode.swift; path = LoginViewController.swift; sourceTree = "<group>"; };
		DD635C7619432EC200283B60 /* com.oguzdev.SendToInstapaper.ShareExtension.appex */ = {isa = PBXFileReference; explicitFileType = "wrapper.app-extension"; includeInIndex = 0; path = com.oguzdev.SendToInstapaper.ShareExtension.appex; sourceTree = BUILT_PRODUCTS_DIR; };
		DD635C7919432EC200283B60 /* Info.plist */ = {isa = PBXFileReference; lastKnownFileType = text.plist.xml; path = Info.plist; sourceTree = "<group>"; };
		DD635C7C19432EC200283B60 /* MainInterface.storyboard */ = {isa = PBXFileReference; lastKnownFileType = file.storyboard; path = MainInterface.storyboard; sourceTree = "<group>"; };
		DD7F75CF194630B000867DEE /* README.md */ = {isa = PBXFileReference; fileEncoding = 4; lastKnownFileType = net.daringfireball.markdown; path = README.md; sourceTree = "<group>"; };
		DD7F75D1194631F700867DEE /* LICENCE.md */ = {isa = PBXFileReference; fileEncoding = 4; lastKnownFileType = net.daringfireball.markdown; path = LICENCE.md; sourceTree = "<group>"; };
		DD8DE84D1944D6CF00D8BFAC /* com.oguzdev.SendToInstapaper.ShareExtension.entitlements */ = {isa = PBXFileReference; lastKnownFileType = text.xml; path = com.oguzdev.SendToInstapaper.ShareExtension.entitlements; sourceTree = "<group>"; };
		DD8DE84E1944DD5700D8BFAC /* SendToInstapaper.entitlements */ = {isa = PBXFileReference; lastKnownFileType = text.xml; path = SendToInstapaper.entitlements; sourceTree = "<group>"; };
		DD8DE8531944FE6600D8BFAC /* MapKit.framework */ = {isa = PBXFileReference; lastKnownFileType = wrapper.framework; name = MapKit.framework; path = System/Library/Frameworks/MapKit.framework; sourceTree = SDKROOT; };
		DD8DE85B194515FF00D8BFAC /* APICommunicator.framework */ = {isa = PBXFileReference; explicitFileType = wrapper.framework; includeInIndex = 0; path = APICommunicator.framework; sourceTree = BUILT_PRODUCTS_DIR; };
		DD8DE85E194515FF00D8BFAC /* Info.plist */ = {isa = PBXFileReference; lastKnownFileType = text.plist.xml; path = Info.plist; sourceTree = "<group>"; };
		DD8DE85F194515FF00D8BFAC /* APICommunicator.h */ = {isa = PBXFileReference; lastKnownFileType = sourcecode.c.h; path = APICommunicator.h; sourceTree = "<group>"; };
		DD8DE8651945160000D8BFAC /* APICommunicatorTests.xctest */ = {isa = PBXFileReference; explicitFileType = wrapper.cfbundle; includeInIndex = 0; path = APICommunicatorTests.xctest; sourceTree = BUILT_PRODUCTS_DIR; };
		DD8DE86B1945160000D8BFAC /* Info.plist */ = {isa = PBXFileReference; lastKnownFileType = text.plist.xml; path = Info.plist; sourceTree = "<group>"; };
		DD8DE86C1945160000D8BFAC /* APICommunicatorTests.swift */ = {isa = PBXFileReference; lastKnownFileType = sourcecode.swift; path = APICommunicatorTests.swift; sourceTree = "<group>"; };
		DD8DE8841945161900D8BFAC /* APICommunicator.swift */ = {isa = PBXFileReference; fileEncoding = 4; lastKnownFileType = sourcecode.swift; path = APICommunicator.swift; sourceTree = "<group>"; };
		DD8DE8861945183800D8BFAC /* APICommunicator-Bridging-Header.h */ = {isa = PBXFileReference; lastKnownFileType = sourcecode.c.h; path = "APICommunicator-Bridging-Header.h"; sourceTree = "<group>"; };
		DDD9977A19432FF70017FF7B /* SendingViewController.swift */ = {isa = PBXFileReference; fileEncoding = 4; lastKnownFileType = sourcecode.swift; path = SendingViewController.swift; sourceTree = "<group>"; };
		DDD9977C194337590017FF7B /* ShareExtension-Bridging-Header.h */ = {isa = PBXFileReference; fileEncoding = 4; lastKnownFileType = sourcecode.c.h; path = "ShareExtension-Bridging-Header.h"; sourceTree = "<group>"; };
		DDD9977D1943377F0017FF7B /* SendToInstapaper-Bridging-Header.h */ = {isa = PBXFileReference; lastKnownFileType = sourcecode.c.h; path = "SendToInstapaper-Bridging-Header.h"; sourceTree = "<group>"; };
/* End PBXFileReference section */

/* Begin PBXFrameworksBuildPhase section */
		DD5971471940DFFA005C4BED /* Frameworks */ = {
			isa = PBXFrameworksBuildPhase;
			buildActionMask = 2147483647;
			files = (
				DD8DE8541944FE6600D8BFAC /* MapKit.framework in Frameworks */,
				1203843C2C2D472FA85BEB00 /* libPods-SendToInstapaper.a in Frameworks */,
				DD8DE8701945160000D8BFAC /* APICommunicator.framework in Frameworks */,
			);
			runOnlyForDeploymentPostprocessing = 0;
		};
		DD5971591940DFFB005C4BED /* Frameworks */ = {
			isa = PBXFrameworksBuildPhase;
			buildActionMask = 2147483647;
			files = (
			);
			runOnlyForDeploymentPostprocessing = 0;
		};
		DD635C7319432EC200283B60 /* Frameworks */ = {
			isa = PBXFrameworksBuildPhase;
			buildActionMask = 2147483647;
			files = (
				DD8DE887194518AC00D8BFAC /* APICommunicator.framework in Frameworks */,
				DD8DE8551944FE6800D8BFAC /* MapKit.framework in Frameworks */,
				97F9623173E74AFFA6885D6B /* libPods-ShareExtension.a in Frameworks */,
			);
			runOnlyForDeploymentPostprocessing = 0;
		};
		DD8DE857194515FF00D8BFAC /* Frameworks */ = {
			isa = PBXFrameworksBuildPhase;
			buildActionMask = 2147483647;
			files = (
				28C5747D572A4E1C868B256E /* libPods-APICommunicator.a in Frameworks */,
			);
			runOnlyForDeploymentPostprocessing = 0;
		};
		DD8DE8621945160000D8BFAC /* Frameworks */ = {
			isa = PBXFrameworksBuildPhase;
			buildActionMask = 2147483647;
			files = (
				DD8DE8661945160000D8BFAC /* APICommunicator.framework in Frameworks */,
			);
			runOnlyForDeploymentPostprocessing = 0;
		};
/* End PBXFrameworksBuildPhase section */

/* Begin PBXGroup section */
		DD5971411940DFFA005C4BED = {
			isa = PBXGroup;
			children = (
				DD7F75D1194631F700867DEE /* LICENCE.md */,
				DD7F75CF194630B000867DEE /* README.md */,
				DD59714C1940DFFA005C4BED /* SendToInstapaper */,
				DD59715F1940DFFB005C4BED /* SendToInstapaperTests */,
				DD635C7719432EC200283B60 /* ShareExtension */,
				DD8DE85C194515FF00D8BFAC /* APICommunicator */,
				DD8DE8691945160000D8BFAC /* APICommunicatorTests */,
				DD59714B1940DFFA005C4BED /* Products */,
				6D21EEE37474428587F46424 /* Pods-SendToInstapaper.xcconfig */,
				F02458D5079842F7B54EAAAF /* Frameworks */,
				720C0B14A0E1473BBDAC476A /* Pods-ShareExtension.xcconfig */,
				5E9FC865F5F24373B1238B89 /* Pods-APICommunicator.xcconfig */,
			);
			sourceTree = "<group>";
		};
		DD59714B1940DFFA005C4BED /* Products */ = {
			isa = PBXGroup;
			children = (
				DD59714A1940DFFA005C4BED /* SendToInstapaper.app */,
				DD59715C1940DFFB005C4BED /* SendToInstapaperTests.xctest */,
				DD635C7619432EC200283B60 /* com.oguzdev.SendToInstapaper.ShareExtension.appex */,
				DD8DE85B194515FF00D8BFAC /* APICommunicator.framework */,
				DD8DE8651945160000D8BFAC /* APICommunicatorTests.xctest */,
			);
			name = Products;
			sourceTree = "<group>";
		};
		DD59714C1940DFFA005C4BED /* SendToInstapaper */ = {
			isa = PBXGroup;
			children = (
				DD8DE84E1944DD5700D8BFAC /* SendToInstapaper.entitlements */,
				DD59714F1940DFFB005C4BED /* AppDelegate.swift */,
				DD5971511940DFFB005C4BED /* ViewController.swift */,
				DD59716C1940E709005C4BED /* LoginViewController.swift */,
				DD5971531940DFFB005C4BED /* Main.storyboard */,
				DD5971561940DFFB005C4BED /* Images.xcassets */,
				DD59714D1940DFFA005C4BED /* Supporting Files */,
			);
			path = SendToInstapaper;
			sourceTree = "<group>";
		};
		DD59714D1940DFFA005C4BED /* Supporting Files */ = {
			isa = PBXGroup;
			children = (
				DDD9977D1943377F0017FF7B /* SendToInstapaper-Bridging-Header.h */,
				DD59714E1940DFFB005C4BED /* Info.plist */,
			);
			name = "Supporting Files";
			sourceTree = "<group>";
		};
		DD59715F1940DFFB005C4BED /* SendToInstapaperTests */ = {
			isa = PBXGroup;
			children = (
				DD5971621940DFFB005C4BED /* SendToInstapaperTests.swift */,
				DD5971601940DFFB005C4BED /* Supporting Files */,
			);
			path = SendToInstapaperTests;
			sourceTree = "<group>";
		};
		DD5971601940DFFB005C4BED /* Supporting Files */ = {
			isa = PBXGroup;
			children = (
				DD5971611940DFFB005C4BED /* Info.plist */,
			);
			name = "Supporting Files";
			sourceTree = "<group>";
		};
		DD635C7719432EC200283B60 /* ShareExtension */ = {
			isa = PBXGroup;
			children = (
				DD8DE84D1944D6CF00D8BFAC /* com.oguzdev.SendToInstapaper.ShareExtension.entitlements */,
				DD635C7C19432EC200283B60 /* MainInterface.storyboard */,
				DDD9977A19432FF70017FF7B /* SendingViewController.swift */,
				DD635C7819432EC200283B60 /* Supporting Files */,
			);
			path = ShareExtension;
			sourceTree = "<group>";
		};
		DD635C7819432EC200283B60 /* Supporting Files */ = {
			isa = PBXGroup;
			children = (
				DDD9977C194337590017FF7B /* ShareExtension-Bridging-Header.h */,
				DD635C7919432EC200283B60 /* Info.plist */,
			);
			name = "Supporting Files";
			sourceTree = "<group>";
		};
		DD8DE85C194515FF00D8BFAC /* APICommunicator */ = {
			isa = PBXGroup;
			children = (
				DD8DE85F194515FF00D8BFAC /* APICommunicator.h */,
				DD8DE8841945161900D8BFAC /* APICommunicator.swift */,
				DD8DE85D194515FF00D8BFAC /* Supporting Files */,
			);
			path = APICommunicator;
			sourceTree = "<group>";
		};
		DD8DE85D194515FF00D8BFAC /* Supporting Files */ = {
			isa = PBXGroup;
			children = (
				DD8DE8861945183800D8BFAC /* APICommunicator-Bridging-Header.h */,
				DD8DE85E194515FF00D8BFAC /* Info.plist */,
			);
			name = "Supporting Files";
			sourceTree = "<group>";
		};
		DD8DE8691945160000D8BFAC /* APICommunicatorTests */ = {
			isa = PBXGroup;
			children = (
				DD8DE86C1945160000D8BFAC /* APICommunicatorTests.swift */,
				DD8DE86A1945160000D8BFAC /* Supporting Files */,
			);
			path = APICommunicatorTests;
			sourceTree = "<group>";
		};
		DD8DE86A1945160000D8BFAC /* Supporting Files */ = {
			isa = PBXGroup;
			children = (
				DD8DE86B1945160000D8BFAC /* Info.plist */,
			);
			name = "Supporting Files";
			sourceTree = "<group>";
		};
		F02458D5079842F7B54EAAAF /* Frameworks */ = {
			isa = PBXGroup;
			children = (
				DD8DE8531944FE6600D8BFAC /* MapKit.framework */,
				51129C57BA6240C18D302F00 /* libPods-SendToInstapaper.a */,
				4A4B82885D1749549ED61B9A /* libPods-ShareExtension.a */,
				74EC041867E6410CA724BF36 /* libPods-APICommunicator.a */,
			);
			name = Frameworks;
			sourceTree = "<group>";
		};
/* End PBXGroup section */

/* Begin PBXHeadersBuildPhase section */
		DD8DE858194515FF00D8BFAC /* Headers */ = {
			isa = PBXHeadersBuildPhase;
			buildActionMask = 2147483647;
			files = (
				DD8DE860194515FF00D8BFAC /* APICommunicator.h in Headers */,
			);
			runOnlyForDeploymentPostprocessing = 0;
		};
/* End PBXHeadersBuildPhase section */

/* Begin PBXNativeTarget section */
		DD5971491940DFFA005C4BED /* SendToInstapaper */ = {
			isa = PBXNativeTarget;
			buildConfigurationList = DD5971661940DFFB005C4BED /* Build configuration list for PBXNativeTarget "SendToInstapaper" */;
			buildPhases = (
				B2B79F5C482C448EA9BCC870 /* Check Pods Manifest.lock */,
				DD5971461940DFFA005C4BED /* Sources */,
				DD5971471940DFFA005C4BED /* Frameworks */,
				DD5971481940DFFA005C4BED /* Resources */,
				8DB00C0C8A6B4BEBA5CE5924 /* Copy Pods Resources */,
				DDDA421419431CAC007C0117 /* Embed App Extensions */,
				DDD997A119435D860017FF7B /* Embed Frameworks */,
			);
			buildRules = (
			);
			dependencies = (
				DD635C7F19432EC200283B60 /* PBXTargetDependency */,
				DD635C8219432EC200283B60 /* PBXTargetDependency */,
				DD8DE86F1945160000D8BFAC /* PBXTargetDependency */,
				DD8DE8731945160000D8BFAC /* PBXTargetDependency */,
			);
			name = SendToInstapaper;
			productName = SendToInstapaper;
			productReference = DD59714A1940DFFA005C4BED /* SendToInstapaper.app */;
			productType = "com.apple.product-type.application";
		};
		DD59715B1940DFFB005C4BED /* SendToInstapaperTests */ = {
			isa = PBXNativeTarget;
			buildConfigurationList = DD5971691940DFFB005C4BED /* Build configuration list for PBXNativeTarget "SendToInstapaperTests" */;
			buildPhases = (
				DD5971581940DFFB005C4BED /* Sources */,
				DD5971591940DFFB005C4BED /* Frameworks */,
				DD59715A1940DFFB005C4BED /* Resources */,
			);
			buildRules = (
			);
			dependencies = (
				DD59715E1940DFFB005C4BED /* PBXTargetDependency */,
				DD8DE8501944F8BD00D8BFAC /* PBXTargetDependency */,
				DD8DE8521944F8BD00D8BFAC /* PBXTargetDependency */,
			);
			name = SendToInstapaperTests;
			productName = SendToInstapaperTests;
			productReference = DD59715C1940DFFB005C4BED /* SendToInstapaperTests.xctest */;
			productType = "com.apple.product-type.bundle.unit-test";
		};
		DD635C7519432EC200283B60 /* ShareExtension */ = {
			isa = PBXNativeTarget;
			buildConfigurationList = DD635C8319432EC200283B60 /* Build configuration list for PBXNativeTarget "ShareExtension" */;
			buildPhases = (
				85ECE8D8D2F54AB2A2617033 /* Check Pods Manifest.lock */,
				DD635C7219432EC200283B60 /* Sources */,
				DD635C7319432EC200283B60 /* Frameworks */,
				DD635C7419432EC200283B60 /* Resources */,
				67E72AADBFDC4B40970D3A3C /* Copy Pods Resources */,
			);
			buildRules = (
			);
			dependencies = (
			);
			name = ShareExtension;
			productName = ShareExtension;
			productReference = DD635C7619432EC200283B60 /* com.oguzdev.SendToInstapaper.ShareExtension.appex */;
			productType = "com.apple.product-type.app-extension";
		};
		DD8DE85A194515FF00D8BFAC /* APICommunicator */ = {
			isa = PBXNativeTarget;
			buildConfigurationList = DD8DE8741945160000D8BFAC /* Build configuration list for PBXNativeTarget "APICommunicator" */;
			buildPhases = (
				5D1F876D2D2940B4B674D78A /* Check Pods Manifest.lock */,
				DD8DE856194515FF00D8BFAC /* Sources */,
				DD8DE857194515FF00D8BFAC /* Frameworks */,
				DD8DE858194515FF00D8BFAC /* Headers */,
				DD8DE859194515FF00D8BFAC /* Resources */,
				7916B11745074D15A0EC6CBD /* Copy Pods Resources */,
			);
			buildRules = (
			);
			dependencies = (
			);
			name = APICommunicator;
			productName = APICommunicator;
			productReference = DD8DE85B194515FF00D8BFAC /* APICommunicator.framework */;
			productType = "com.apple.product-type.framework";
		};
		DD8DE8641945160000D8BFAC /* APICommunicatorTests */ = {
			isa = PBXNativeTarget;
			buildConfigurationList = DD8DE8771945160000D8BFAC /* Build configuration list for PBXNativeTarget "APICommunicatorTests" */;
			buildPhases = (
				DD8DE8611945160000D8BFAC /* Sources */,
				DD8DE8621945160000D8BFAC /* Frameworks */,
				DD8DE8631945160000D8BFAC /* Resources */,
			);
			buildRules = (
			);
			dependencies = (
				DD8DE8681945160000D8BFAC /* PBXTargetDependency */,
				DD8DE87B1945160100D8BFAC /* PBXTargetDependency */,
				DD8DE87D1945160100D8BFAC /* PBXTargetDependency */,
				DD8DE87F1945160200D8BFAC /* PBXTargetDependency */,
				DD8DE8811945160200D8BFAC /* PBXTargetDependency */,
				DD8DE8831945160400D8BFAC /* PBXTargetDependency */,
			);
			name = APICommunicatorTests;
			productName = APICommunicatorTests;
			productReference = DD8DE8651945160000D8BFAC /* APICommunicatorTests.xctest */;
			productType = "com.apple.product-type.bundle.unit-test";
		};
/* End PBXNativeTarget section */

/* Begin PBXProject section */
		DD5971421940DFFA005C4BED /* Project object */ = {
			isa = PBXProject;
			attributes = {
				LastUpgradeCheck = 0600;
				ORGANIZATIONNAME = "Oguz Bilgener";
				TargetAttributes = {
					DD5971491940DFFA005C4BED = {
						CreatedOnToolsVersion = 6.0;
						DevelopmentTeam = X7N27TJG34;
						SystemCapabilities = {
							com.apple.iOS = {
								enabled = 1;
							};
						};
					};
					DD59715B1940DFFB005C4BED = {
						CreatedOnToolsVersion = 6.0;
						TestTargetID = DD5971491940DFFA005C4BED;
					};
					DD635C7519432EC200283B60 = {
						CreatedOnToolsVersion = 6.0;
						DevelopmentTeam = X7N27TJG34;
						SystemCapabilities = {
							com.apple.iOS = {
								enabled = 1;
							};
						};
					};
					DD8DE85A194515FF00D8BFAC = {
						CreatedOnToolsVersion = 6.0;
						DevelopmentTeam = X7N27TJG34;
					};
					DD8DE8641945160000D8BFAC = {
						CreatedOnToolsVersion = 6.0;
						TestTargetID = DD8DE85A194515FF00D8BFAC;
					};
				};
			};
			buildConfigurationList = DD5971451940DFFA005C4BED /* Build configuration list for PBXProject "SendToInstapaper" */;
			compatibilityVersion = "Xcode 3.2";
			developmentRegion = English;
			hasScannedForEncodings = 0;
			knownRegions = (
				en,
				Base,
			);
			mainGroup = DD5971411940DFFA005C4BED;
			productRefGroup = DD59714B1940DFFA005C4BED /* Products */;
			projectDirPath = "";
			projectRoot = "";
			targets = (
				DD5971491940DFFA005C4BED /* SendToInstapaper */,
				DD59715B1940DFFB005C4BED /* SendToInstapaperTests */,
				DD635C7519432EC200283B60 /* ShareExtension */,
				DD8DE85A194515FF00D8BFAC /* APICommunicator */,
				DD8DE8641945160000D8BFAC /* APICommunicatorTests */,
			);
		};
/* End PBXProject section */

/* Begin PBXResourcesBuildPhase section */
		DD5971481940DFFA005C4BED /* Resources */ = {
			isa = PBXResourcesBuildPhase;
			buildActionMask = 2147483647;
			files = (
				DD5971551940DFFB005C4BED /* Main.storyboard in Resources */,
				DD5971571940DFFB005C4BED /* Images.xcassets in Resources */,
			);
			runOnlyForDeploymentPostprocessing = 0;
		};
		DD59715A1940DFFB005C4BED /* Resources */ = {
			isa = PBXResourcesBuildPhase;
			buildActionMask = 2147483647;
			files = (
			);
			runOnlyForDeploymentPostprocessing = 0;
		};
		DD635C7419432EC200283B60 /* Resources */ = {
			isa = PBXResourcesBuildPhase;
			buildActionMask = 2147483647;
			files = (
				DD635C7D19432EC200283B60 /* MainInterface.storyboard in Resources */,
			);
			runOnlyForDeploymentPostprocessing = 0;
		};
		DD8DE859194515FF00D8BFAC /* Resources */ = {
			isa = PBXResourcesBuildPhase;
			buildActionMask = 2147483647;
			files = (
			);
			runOnlyForDeploymentPostprocessing = 0;
		};
		DD8DE8631945160000D8BFAC /* Resources */ = {
			isa = PBXResourcesBuildPhase;
			buildActionMask = 2147483647;
			files = (
			);
			runOnlyForDeploymentPostprocessing = 0;
		};
/* End PBXResourcesBuildPhase section */

/* Begin PBXShellScriptBuildPhase section */
		5D1F876D2D2940B4B674D78A /* Check Pods Manifest.lock */ = {
			isa = PBXShellScriptBuildPhase;
			buildActionMask = 2147483647;
			files = (
			);
			inputPaths = (
			);
			name = "Check Pods Manifest.lock";
			outputPaths = (
			);
			runOnlyForDeploymentPostprocessing = 0;
			shellPath = /bin/sh;
			shellScript = "diff \"${PODS_ROOT}/../Podfile.lock\" \"${PODS_ROOT}/Manifest.lock\" > /dev/null\nif [[ $? != 0 ]] ; then\n    cat << EOM\nerror: The sandbox is not in sync with the Podfile.lock. Run 'pod install' or update your CocoaPods installation.\nEOM\n    exit 1\nfi\n";
			showEnvVarsInLog = 0;
		};
		67E72AADBFDC4B40970D3A3C /* Copy Pods Resources */ = {
			isa = PBXShellScriptBuildPhase;
			buildActionMask = 2147483647;
			files = (
			);
			inputPaths = (
			);
			name = "Copy Pods Resources";
			outputPaths = (
			);
			runOnlyForDeploymentPostprocessing = 0;
			shellPath = /bin/sh;
			shellScript = "\"${SRCROOT}/Pods/Pods-ShareExtension-resources.sh\"\n";
			showEnvVarsInLog = 0;
		};
		7916B11745074D15A0EC6CBD /* Copy Pods Resources */ = {
			isa = PBXShellScriptBuildPhase;
			buildActionMask = 2147483647;
			files = (
			);
			inputPaths = (
			);
			name = "Copy Pods Resources";
			outputPaths = (
			);
			runOnlyForDeploymentPostprocessing = 0;
			shellPath = /bin/sh;
			shellScript = "\"${SRCROOT}/Pods/Pods-APICommunicator-resources.sh\"\n";
			showEnvVarsInLog = 0;
		};
		85ECE8D8D2F54AB2A2617033 /* Check Pods Manifest.lock */ = {
			isa = PBXShellScriptBuildPhase;
			buildActionMask = 2147483647;
			files = (
			);
			inputPaths = (
			);
			name = "Check Pods Manifest.lock";
			outputPaths = (
			);
			runOnlyForDeploymentPostprocessing = 0;
			shellPath = /bin/sh;
			shellScript = "diff \"${PODS_ROOT}/../Podfile.lock\" \"${PODS_ROOT}/Manifest.lock\" > /dev/null\nif [[ $? != 0 ]] ; then\n    cat << EOM\nerror: The sandbox is not in sync with the Podfile.lock. Run 'pod install' or update your CocoaPods installation.\nEOM\n    exit 1\nfi\n";
			showEnvVarsInLog = 0;
		};
		8DB00C0C8A6B4BEBA5CE5924 /* Copy Pods Resources */ = {
			isa = PBXShellScriptBuildPhase;
			buildActionMask = 2147483647;
			files = (
			);
			inputPaths = (
			);
			name = "Copy Pods Resources";
			outputPaths = (
			);
			runOnlyForDeploymentPostprocessing = 0;
			shellPath = /bin/sh;
			shellScript = "\"${SRCROOT}/Pods/Pods-SendToInstapaper-resources.sh\"\n";
			showEnvVarsInLog = 0;
		};
		B2B79F5C482C448EA9BCC870 /* Check Pods Manifest.lock */ = {
			isa = PBXShellScriptBuildPhase;
			buildActionMask = 2147483647;
			files = (
			);
			inputPaths = (
			);
			name = "Check Pods Manifest.lock";
			outputPaths = (
			);
			runOnlyForDeploymentPostprocessing = 0;
			shellPath = /bin/sh;
			shellScript = "diff \"${PODS_ROOT}/../Podfile.lock\" \"${PODS_ROOT}/Manifest.lock\" > /dev/null\nif [[ $? != 0 ]] ; then\n    cat << EOM\nerror: The sandbox is not in sync with the Podfile.lock. Run 'pod install' or update your CocoaPods installation.\nEOM\n    exit 1\nfi\n";
			showEnvVarsInLog = 0;
		};
/* End PBXShellScriptBuildPhase section */

/* Begin PBXSourcesBuildPhase section */
		DD5971461940DFFA005C4BED /* Sources */ = {
			isa = PBXSourcesBuildPhase;
			buildActionMask = 2147483647;
			files = (
				DD7F75D2194631F700867DEE /* LICENCE.md in Sources */,
				DD59716D1940E709005C4BED /* LoginViewController.swift in Sources */,
				DD5971521940DFFB005C4BED /* ViewController.swift in Sources */,
				DD7F75D0194630B000867DEE /* README.md in Sources */,
				DD5971501940DFFB005C4BED /* AppDelegate.swift in Sources */,
			);
			runOnlyForDeploymentPostprocessing = 0;
		};
		DD5971581940DFFB005C4BED /* Sources */ = {
			isa = PBXSourcesBuildPhase;
			buildActionMask = 2147483647;
			files = (
				DD5971631940DFFB005C4BED /* SendToInstapaperTests.swift in Sources */,
			);
			runOnlyForDeploymentPostprocessing = 0;
		};
		DD635C7219432EC200283B60 /* Sources */ = {
			isa = PBXSourcesBuildPhase;
			buildActionMask = 2147483647;
			files = (
				DDD9977B19432FF70017FF7B /* SendingViewController.swift in Sources */,
			);
			runOnlyForDeploymentPostprocessing = 0;
		};
		DD8DE856194515FF00D8BFAC /* Sources */ = {
			isa = PBXSourcesBuildPhase;
			buildActionMask = 2147483647;
			files = (
				DD8DE8851945161900D8BFAC /* APICommunicator.swift in Sources */,
			);
			runOnlyForDeploymentPostprocessing = 0;
		};
		DD8DE8611945160000D8BFAC /* Sources */ = {
			isa = PBXSourcesBuildPhase;
			buildActionMask = 2147483647;
			files = (
				DD8DE86D1945160000D8BFAC /* APICommunicatorTests.swift in Sources */,
			);
			runOnlyForDeploymentPostprocessing = 0;
		};
/* End PBXSourcesBuildPhase section */

/* Begin PBXTargetDependency section */
		DD59715E1940DFFB005C4BED /* PBXTargetDependency */ = {
			isa = PBXTargetDependency;
			target = DD5971491940DFFA005C4BED /* SendToInstapaper */;
			targetProxy = DD59715D1940DFFB005C4BED /* PBXContainerItemProxy */;
		};
		DD635C7F19432EC200283B60 /* PBXTargetDependency */ = {
			isa = PBXTargetDependency;
			target = DD635C7519432EC200283B60 /* ShareExtension */;
			targetProxy = DD635C7E19432EC200283B60 /* PBXContainerItemProxy */;
		};
		DD635C8219432EC200283B60 /* PBXTargetDependency */ = {
			isa = PBXTargetDependency;
			target = DD635C7519432EC200283B60 /* ShareExtension */;
			targetProxy = DD635C8119432EC200283B60 /* PBXContainerItemProxy */;
		};
		DD8DE8501944F8BD00D8BFAC /* PBXTargetDependency */ = {
			isa = PBXTargetDependency;
			target = DD5971491940DFFA005C4BED /* SendToInstapaper */;
			targetProxy = DD8DE84F1944F8BD00D8BFAC /* PBXContainerItemProxy */;
		};
		DD8DE8521944F8BD00D8BFAC /* PBXTargetDependency */ = {
			isa = PBXTargetDependency;
			target = DD5971491940DFFA005C4BED /* SendToInstapaper */;
			targetProxy = DD8DE8511944F8BD00D8BFAC /* PBXContainerItemProxy */;
		};
		DD8DE8681945160000D8BFAC /* PBXTargetDependency */ = {
			isa = PBXTargetDependency;
			target = DD8DE85A194515FF00D8BFAC /* APICommunicator */;
			targetProxy = DD8DE8671945160000D8BFAC /* PBXContainerItemProxy */;
		};
		DD8DE86F1945160000D8BFAC /* PBXTargetDependency */ = {
			isa = PBXTargetDependency;
			target = DD8DE85A194515FF00D8BFAC /* APICommunicator */;
			targetProxy = DD8DE86E1945160000D8BFAC /* PBXContainerItemProxy */;
		};
		DD8DE8731945160000D8BFAC /* PBXTargetDependency */ = {
			isa = PBXTargetDependency;
			target = DD8DE85A194515FF00D8BFAC /* APICommunicator */;
			targetProxy = DD8DE8721945160000D8BFAC /* PBXContainerItemProxy */;
		};
		DD8DE87B1945160100D8BFAC /* PBXTargetDependency */ = {
			isa = PBXTargetDependency;
			target = DD8DE85A194515FF00D8BFAC /* APICommunicator */;
			targetProxy = DD8DE87A1945160100D8BFAC /* PBXContainerItemProxy */;
		};
		DD8DE87D1945160100D8BFAC /* PBXTargetDependency */ = {
			isa = PBXTargetDependency;
			target = DD8DE85A194515FF00D8BFAC /* APICommunicator */;
			targetProxy = DD8DE87C1945160100D8BFAC /* PBXContainerItemProxy */;
		};
		DD8DE87F1945160200D8BFAC /* PBXTargetDependency */ = {
			isa = PBXTargetDependency;
			target = DD8DE85A194515FF00D8BFAC /* APICommunicator */;
			targetProxy = DD8DE87E1945160200D8BFAC /* PBXContainerItemProxy */;
		};
		DD8DE8811945160200D8BFAC /* PBXTargetDependency */ = {
			isa = PBXTargetDependency;
			target = DD8DE85A194515FF00D8BFAC /* APICommunicator */;
			targetProxy = DD8DE8801945160200D8BFAC /* PBXContainerItemProxy */;
		};
		DD8DE8831945160400D8BFAC /* PBXTargetDependency */ = {
			isa = PBXTargetDependency;
			target = DD8DE85A194515FF00D8BFAC /* APICommunicator */;
			targetProxy = DD8DE8821945160400D8BFAC /* PBXContainerItemProxy */;
		};
/* End PBXTargetDependency section */

/* Begin PBXVariantGroup section */
		DD5971531940DFFB005C4BED /* Main.storyboard */ = {
			isa = PBXVariantGroup;
			children = (
				DD5971541940DFFB005C4BED /* Base */,
			);
			name = Main.storyboard;
			sourceTree = "<group>";
		};
/* End PBXVariantGroup section */

/* Begin XCBuildConfiguration section */
		DD5971641940DFFB005C4BED /* Debug */ = {
			isa = XCBuildConfiguration;
			buildSettings = {
				ALWAYS_SEARCH_USER_PATHS = NO;
				CLANG_CXX_LANGUAGE_STANDARD = "gnu++0x";
				CLANG_CXX_LIBRARY = "libc++";
				CLANG_ENABLE_MODULES = YES;
				CLANG_ENABLE_OBJC_ARC = YES;
				CLANG_WARN_BOOL_CONVERSION = YES;
				CLANG_WARN_CONSTANT_CONVERSION = YES;
				CLANG_WARN_DIRECT_OBJC_ISA_USAGE = YES_ERROR;
				CLANG_WARN_EMPTY_BODY = YES;
				CLANG_WARN_ENUM_CONVERSION = YES;
				CLANG_WARN_INT_CONVERSION = YES;
				CLANG_WARN_OBJC_ROOT_CLASS = YES_ERROR;
				CLANG_WARN_UNREACHABLE_CODE = YES;
				CLANG_WARN__DUPLICATE_METHOD_MATCH = YES;
				"CODE_SIGN_IDENTITY[sdk=iphoneos*]" = "iPhone Developer";
				COPY_PHASE_STRIP = NO;
				ENABLE_STRICT_OBJC_MSGSEND = YES;
				GCC_C_LANGUAGE_STANDARD = gnu99;
				GCC_DYNAMIC_NO_PIC = NO;
				GCC_OPTIMIZATION_LEVEL = 0;
				GCC_PREPROCESSOR_DEFINITIONS = (
					"DEBUG=1",
					"$(inherited)",
				);
				GCC_SYMBOLS_PRIVATE_EXTERN = NO;
				GCC_WARN_64_TO_32_BIT_CONVERSION = YES;
				GCC_WARN_ABOUT_RETURN_TYPE = YES_ERROR;
				GCC_WARN_UNDECLARED_SELECTOR = YES;
				GCC_WARN_UNINITIALIZED_AUTOS = YES_AGGRESSIVE;
				GCC_WARN_UNUSED_FUNCTION = YES;
				GCC_WARN_UNUSED_VARIABLE = YES;
				IPHONEOS_DEPLOYMENT_TARGET = 8.0;
				METAL_ENABLE_DEBUG_INFO = YES;
				ONLY_ACTIVE_ARCH = YES;
				SDKROOT = iphoneos;
				SWIFT_OBJC_BRIDGING_HEADER = "SendToInstapaper/SendToInstapaper-Bridging-Header.h";
				SWIFT_OPTIMIZATION_LEVEL = "-Onone";
			};
			name = Debug;
		};
		DD5971651940DFFB005C4BED /* Release */ = {
			isa = XCBuildConfiguration;
			buildSettings = {
				ALWAYS_SEARCH_USER_PATHS = NO;
				CLANG_CXX_LANGUAGE_STANDARD = "gnu++0x";
				CLANG_CXX_LIBRARY = "libc++";
				CLANG_ENABLE_MODULES = YES;
				CLANG_ENABLE_OBJC_ARC = YES;
				CLANG_WARN_BOOL_CONVERSION = YES;
				CLANG_WARN_CONSTANT_CONVERSION = YES;
				CLANG_WARN_DIRECT_OBJC_ISA_USAGE = YES_ERROR;
				CLANG_WARN_EMPTY_BODY = YES;
				CLANG_WARN_ENUM_CONVERSION = YES;
				CLANG_WARN_INT_CONVERSION = YES;
				CLANG_WARN_OBJC_ROOT_CLASS = YES_ERROR;
				CLANG_WARN_UNREACHABLE_CODE = YES;
				CLANG_WARN__DUPLICATE_METHOD_MATCH = YES;
				"CODE_SIGN_IDENTITY[sdk=iphoneos*]" = "iPhone Developer";
				COPY_PHASE_STRIP = YES;
				ENABLE_NS_ASSERTIONS = NO;
				ENABLE_STRICT_OBJC_MSGSEND = YES;
				GCC_C_LANGUAGE_STANDARD = gnu99;
				GCC_WARN_64_TO_32_BIT_CONVERSION = YES;
				GCC_WARN_ABOUT_RETURN_TYPE = YES_ERROR;
				GCC_WARN_UNDECLARED_SELECTOR = YES;
				GCC_WARN_UNINITIALIZED_AUTOS = YES_AGGRESSIVE;
				GCC_WARN_UNUSED_FUNCTION = YES;
				GCC_WARN_UNUSED_VARIABLE = YES;
				IPHONEOS_DEPLOYMENT_TARGET = 8.0;
				METAL_ENABLE_DEBUG_INFO = NO;
				SDKROOT = iphoneos;
				SWIFT_OBJC_BRIDGING_HEADER = "SendToInstapaper/SendToInstapaper-Bridging-Header.h";
				VALIDATE_PRODUCT = YES;
			};
			name = Release;
		};
		DD5971671940DFFB005C4BED /* Debug */ = {
			isa = XCBuildConfiguration;
			baseConfigurationReference = 6D21EEE37474428587F46424 /* Pods-SendToInstapaper.xcconfig */;
			buildSettings = {
				ASSETCATALOG_COMPILER_APPICON_NAME = AppIcon;
				ASSETCATALOG_COMPILER_LAUNCHIMAGE_NAME = LaunchImage;
				CODE_SIGN_ENTITLEMENTS = SendToInstapaper/SendToInstapaper.entitlements;
				CODE_SIGN_IDENTITY = "iPhone Developer";
				"CODE_SIGN_IDENTITY[sdk=iphoneos*]" = "iPhone Developer";
				INFOPLIST_FILE = SendToInstapaper/Info.plist;
				LD_RUNPATH_SEARCH_PATHS = "$(inherited) @executable_path/Frameworks";
				PRODUCT_NAME = "$(TARGET_NAME)";
				PROVISIONING_PROFILE = "";
				SWIFT_OBJC_BRIDGING_HEADER = "SendToInstapaper/SendToInstapaper-Bridging-Header.h";
			};
			name = Debug;
		};
		DD5971681940DFFB005C4BED /* Release */ = {
			isa = XCBuildConfiguration;
			baseConfigurationReference = 6D21EEE37474428587F46424 /* Pods-SendToInstapaper.xcconfig */;
			buildSettings = {
				ASSETCATALOG_COMPILER_APPICON_NAME = AppIcon;
				ASSETCATALOG_COMPILER_LAUNCHIMAGE_NAME = LaunchImage;
				CODE_SIGN_ENTITLEMENTS = SendToInstapaper/SendToInstapaper.entitlements;
				CODE_SIGN_IDENTITY = "iPhone Developer";
				"CODE_SIGN_IDENTITY[sdk=iphoneos*]" = "iPhone Developer";
				INFOPLIST_FILE = SendToInstapaper/Info.plist;
				LD_RUNPATH_SEARCH_PATHS = "$(inherited) @executable_path/Frameworks";
				PRODUCT_NAME = "$(TARGET_NAME)";
				PROVISIONING_PROFILE = "";
				SWIFT_OBJC_BRIDGING_HEADER = "SendToInstapaper/SendToInstapaper-Bridging-Header.h";
			};
			name = Release;
		};
		DD59716A1940DFFB005C4BED /* Debug */ = {
			isa = XCBuildConfiguration;
			buildSettings = {
				BUNDLE_LOADER = "$(BUILT_PRODUCTS_DIR)/SendToInstapaper.app/SendToInstapaper";
				FRAMEWORK_SEARCH_PATHS = (
					"$(SDKROOT)/Developer/Library/Frameworks",
					"$(inherited)",
				);
				GCC_PREPROCESSOR_DEFINITIONS = (
					"DEBUG=1",
					"$(inherited)",
				);
				INFOPLIST_FILE = SendToInstapaperTests/Info.plist;
				LD_RUNPATH_SEARCH_PATHS = "$(inherited) @executable_path/Frameworks @loader_path/Frameworks";
				METAL_ENABLE_DEBUG_INFO = YES;
				PRODUCT_NAME = "$(TARGET_NAME)";
				TEST_HOST = "$(BUNDLE_LOADER)";
			};
			name = Debug;
		};
		DD59716B1940DFFB005C4BED /* Release */ = {
			isa = XCBuildConfiguration;
			buildSettings = {
				BUNDLE_LOADER = "$(BUILT_PRODUCTS_DIR)/SendToInstapaper.app/SendToInstapaper";
				FRAMEWORK_SEARCH_PATHS = (
					"$(SDKROOT)/Developer/Library/Frameworks",
					"$(inherited)",
				);
				INFOPLIST_FILE = SendToInstapaperTests/Info.plist;
				LD_RUNPATH_SEARCH_PATHS = "$(inherited) @executable_path/Frameworks @loader_path/Frameworks";
				METAL_ENABLE_DEBUG_INFO = NO;
				PRODUCT_NAME = "$(TARGET_NAME)";
				TEST_HOST = "$(BUNDLE_LOADER)";
			};
			name = Release;
		};
		DD635C8419432EC200283B60 /* Debug */ = {
			isa = XCBuildConfiguration;
			baseConfigurationReference = 720C0B14A0E1473BBDAC476A /* Pods-ShareExtension.xcconfig */;
			buildSettings = {
				CODE_SIGN_ENTITLEMENTS = ShareExtension/com.oguzdev.SendToInstapaper.ShareExtension.entitlements;
				CODE_SIGN_IDENTITY = "iPhone Developer";
				"CODE_SIGN_IDENTITY[sdk=iphoneos*]" = "iPhone Developer";
				GCC_PREPROCESSOR_DEFINITIONS = (
					"DEBUG=1",
					"$(inherited)",
				);
				INFOPLIST_FILE = ShareExtension/Info.plist;
				LD_RUNPATH_SEARCH_PATHS = "$(inherited) @executable_path/Frameworks @executable_path/../../Frameworks";
				METAL_ENABLE_DEBUG_INFO = YES;
				PRODUCT_NAME = "com.oguzdev.SendToInstapaper.$(TARGET_NAME:rfc1034identifier)";
				PROVISIONING_PROFILE = "";
				SKIP_INSTALL = YES;
				SWIFT_OBJC_BRIDGING_HEADER = "ShareExtension/ShareExtension-Bridging-Header.h";
			};
			name = Debug;
		};
		DD635C8519432EC200283B60 /* Release */ = {
			isa = XCBuildConfiguration;
			baseConfigurationReference = 720C0B14A0E1473BBDAC476A /* Pods-ShareExtension.xcconfig */;
			buildSettings = {
				CODE_SIGN_ENTITLEMENTS = ShareExtension/com.oguzdev.SendToInstapaper.ShareExtension.entitlements;
				CODE_SIGN_IDENTITY = "iPhone Developer";
				"CODE_SIGN_IDENTITY[sdk=iphoneos*]" = "iPhone Developer";
				INFOPLIST_FILE = ShareExtension/Info.plist;
				LD_RUNPATH_SEARCH_PATHS = "$(inherited) @executable_path/Frameworks @executable_path/../../Frameworks";
				METAL_ENABLE_DEBUG_INFO = NO;
				PRODUCT_NAME = "com.oguzdev.SendToInstapaper.$(TARGET_NAME:rfc1034identifier)";
				PROVISIONING_PROFILE = "";
				SKIP_INSTALL = YES;
				SWIFT_OBJC_BRIDGING_HEADER = "ShareExtension/ShareExtension-Bridging-Header.h";
			};
			name = Release;
		};
		DD8DE8751945160000D8BFAC /* Debug */ = {
			isa = XCBuildConfiguration;
			baseConfigurationReference = 5E9FC865F5F24373B1238B89 /* Pods-APICommunicator.xcconfig */;
			buildSettings = {
				CLANG_ENABLE_MODULES = YES;
				CODE_SIGN_IDENTITY = "iPhone Developer";
				"CODE_SIGN_IDENTITY[sdk=iphoneos*]" = "iPhone Developer";
				CURRENT_PROJECT_VERSION = 1;
				DEFINES_MODULE = YES;
				DYLIB_COMPATIBILITY_VERSION = 1;
				DYLIB_CURRENT_VERSION = 1;
				DYLIB_INSTALL_NAME_BASE = "@rpath";
				GCC_PREPROCESSOR_DEFINITIONS = (
					"DEBUG=1",
					"$(inherited)",
				);
				INFOPLIST_FILE = APICommunicator/Info.plist;
				INSTALL_PATH = "$(LOCAL_LIBRARY_DIR)/Frameworks";
				LD_RUNPATH_SEARCH_PATHS = "$(inherited) @executable_path/Frameworks @loader_path/Frameworks";
				METAL_ENABLE_DEBUG_INFO = YES;
				PRODUCT_NAME = "$(TARGET_NAME)";
				SKIP_INSTALL = YES;
				SWIFT_OBJC_BRIDGING_HEADER = "APICommunicator/APICommunicator-Bridging-Header.h";
				SWIFT_OPTIMIZATION_LEVEL = "-Onone";
				TARGETED_DEVICE_FAMILY = "1,2";
				VERSIONING_SYSTEM = "apple-generic";
				VERSION_INFO_PREFIX = "";
			};
			name = Debug;
		};
		DD8DE8761945160000D8BFAC /* Release */ = {
			isa = XCBuildConfiguration;
			baseConfigurationReference = 5E9FC865F5F24373B1238B89 /* Pods-APICommunicator.xcconfig */;
			buildSettings = {
				CLANG_ENABLE_MODULES = YES;
				CODE_SIGN_IDENTITY = "iPhone Developer";
				"CODE_SIGN_IDENTITY[sdk=iphoneos*]" = "iPhone Developer";
				CURRENT_PROJECT_VERSION = 1;
				DEFINES_MODULE = YES;
				DYLIB_COMPATIBILITY_VERSION = 1;
				DYLIB_CURRENT_VERSION = 1;
				DYLIB_INSTALL_NAME_BASE = "@rpath";
				INFOPLIST_FILE = APICommunicator/Info.plist;
				INSTALL_PATH = "$(LOCAL_LIBRARY_DIR)/Frameworks";
				LD_RUNPATH_SEARCH_PATHS = "$(inherited) @executable_path/Frameworks @loader_path/Frameworks";
				METAL_ENABLE_DEBUG_INFO = NO;
				PRODUCT_NAME = "$(TARGET_NAME)";
				SKIP_INSTALL = YES;
				SWIFT_OBJC_BRIDGING_HEADER = "APICommunicator/APICommunicator-Bridging-Header.h";
				TARGETED_DEVICE_FAMILY = "1,2";
				VERSIONING_SYSTEM = "apple-generic";
				VERSION_INFO_PREFIX = "";
			};
			name = Release;
		};
		DD8DE8781945160000D8BFAC /* Debug */ = {
			isa = XCBuildConfiguration;
			buildSettings = {
				FRAMEWORK_SEARCH_PATHS = (
					"$(SDKROOT)/Developer/Library/Frameworks",
					"$(inherited)",
				);
				GCC_PREPROCESSOR_DEFINITIONS = (
					"DEBUG=1",
					"$(inherited)",
				);
				INFOPLIST_FILE = APICommunicatorTests/Info.plist;
				LD_RUNPATH_SEARCH_PATHS = "$(inherited) @executable_path/Frameworks @loader_path/Frameworks";
				METAL_ENABLE_DEBUG_INFO = YES;
				PRODUCT_NAME = "$(TARGET_NAME)";
			};
			name = Debug;
		};
		DD8DE8791945160000D8BFAC /* Release */ = {
			isa = XCBuildConfiguration;
			buildSettings = {
				FRAMEWORK_SEARCH_PATHS = (
					"$(SDKROOT)/Developer/Library/Frameworks",
					"$(inherited)",
				);
				INFOPLIST_FILE = APICommunicatorTests/Info.plist;
				LD_RUNPATH_SEARCH_PATHS = "$(inherited) @executable_path/Frameworks @loader_path/Frameworks";
				METAL_ENABLE_DEBUG_INFO = NO;
				PRODUCT_NAME = "$(TARGET_NAME)";
			};
			name = Release;
		};
/* End XCBuildConfiguration section */

/* Begin XCConfigurationList section */
		DD5971451940DFFA005C4BED /* Build configuration list for PBXProject "SendToInstapaper" */ = {
			isa = XCConfigurationList;
			buildConfigurations = (
				DD5971641940DFFB005C4BED /* Debug */,
				DD5971651940DFFB005C4BED /* Release */,
			);
			defaultConfigurationIsVisible = 0;
			defaultConfigurationName = Release;
		};
		DD5971661940DFFB005C4BED /* Build configuration list for PBXNativeTarget "SendToInstapaper" */ = {
			isa = XCConfigurationList;
			buildConfigurations = (
				DD5971671940DFFB005C4BED /* Debug */,
				DD5971681940DFFB005C4BED /* Release */,
			);
			defaultConfigurationIsVisible = 0;
			defaultConfigurationName = Release;
		};
		DD5971691940DFFB005C4BED /* Build configuration list for PBXNativeTarget "SendToInstapaperTests" */ = {
			isa = XCConfigurationList;
			buildConfigurations = (
				DD59716A1940DFFB005C4BED /* Debug */,
				DD59716B1940DFFB005C4BED /* Release */,
			);
			defaultConfigurationIsVisible = 0;
			defaultConfigurationName = Release;
		};
		DD635C8319432EC200283B60 /* Build configuration list for PBXNativeTarget "ShareExtension" */ = {
			isa = XCConfigurationList;
			buildConfigurations = (
				DD635C8419432EC200283B60 /* Debug */,
				DD635C8519432EC200283B60 /* Release */,
			);
			defaultConfigurationIsVisible = 0;
			defaultConfigurationName = Release;
		};
		DD8DE8741945160000D8BFAC /* Build configuration list for PBXNativeTarget "APICommunicator" */ = {
			isa = XCConfigurationList;
			buildConfigurations = (
				DD8DE8751945160000D8BFAC /* Debug */,
				DD8DE8761945160000D8BFAC /* Release */,
			);
			defaultConfigurationIsVisible = 0;
			defaultConfigurationName = Release;
		};
		DD8DE8771945160000D8BFAC /* Build configuration list for PBXNativeTarget "APICommunicatorTests" */ = {
			isa = XCConfigurationList;
			buildConfigurations = (
				DD8DE8781945160000D8BFAC /* Debug */,
				DD8DE8791945160000D8BFAC /* Release */,
			);
			defaultConfigurationIsVisible = 0;
			defaultConfigurationName = Release;
		};
/* End XCConfigurationList section */
	};
	rootObject = DD5971421940DFFA005C4BED /* Project object */;
}
